
Microsoft Visual Studio Solution File, Format Version 12.00
# Visual Studio Version 16
VisualStudioVersion = 16.0.31005.135
MinimumVisualStudioVersion = 15.0.26124.0
Project("{9A19103F-16F7-4668-BE54-9A1E7A4F7556}") = "API", "API\API.csproj", "{DBAE21BB-B0E2-4576-8410-906EC680D1AA}"
EndProject
Project("{9A19103F-16F7-4668-BE54-9A1E7A4F7556}") = "Application", "Application\Application.csproj", "{3E9DD517-0F65-4E9A-AF44-F06E42F939EF}"
EndProject
Project("{9A19103F-16F7-4668-BE54-9A1E7A4F7556}") = "Persistence", "Persistence\Persistence.csproj", "{DA2228E6-B238-4FC1-BEB3-0AB18D4300CE}"
EndProject
Project("{9A19103F-16F7-4668-BE54-9A1E7A4F7556}") = "Domain", "Domain\Domain.csproj", "{66CD9DAB-6015-49AE-A21C-F00A7693461D}"
EndProject
Project("{FAE04EC0-301F-11D3-BF4B-00C04F79EFBC}") = "Test", "Test\Test.csproj", "{74404FE5-E8E0-441C-AF15-8FEAFC4B493D}"
EndProject
Global
	GlobalSection(SolutionConfigurationPlatforms) = preSolution
		Debug|Any CPU = Debug|Any CPU
		Debug|x64 = Debug|x64
		Debug|x86 = Debug|x86
		Release|Any CPU = Release|Any CPU
		Release|x64 = Release|x64
		Release|x86 = Release|x86
	EndGlobalSection
	GlobalSection(ProjectConfigurationPlatforms) = postSolution
		{DBAE21BB-B0E2-4576-8410-906EC680D1AA}.Debug|Any CPU.ActiveCfg = Debug|Any CPU
		{DBAE21BB-B0E2-4576-8410-906EC680D1AA}.Debug|Any CPU.Build.0 = Debug|Any CPU
		{DBAE21BB-B0E2-4576-8410-906EC680D1AA}.Debug|x64.ActiveCfg = Debug|Any CPU
		{DBAE21BB-B0E2-4576-8410-906EC680D1AA}.Debug|x64.Build.0 = Debug|Any CPU
		{DBAE21BB-B0E2-4576-8410-906EC680D1AA}.Debug|x86.ActiveCfg = Debug|Any CPU
		{DBAE21BB-B0E2-4576-8410-906EC680D1AA}.Debug|x86.Build.0 = Debug|Any CPU
		{DBAE21BB-B0E2-4576-8410-906EC680D1AA}.Release|Any CPU.ActiveCfg = Release|Any CPU
		{DBAE21BB-B0E2-4576-8410-906EC680D1AA}.Release|Any CPU.Build.0 = Release|Any CPU
		{DBAE21BB-B0E2-4576-8410-906EC680D1AA}.Release|x64.ActiveCfg = Release|Any CPU
		{DBAE21BB-B0E2-4576-8410-906EC680D1AA}.Release|x64.Build.0 = Release|Any CPU
		{DBAE21BB-B0E2-4576-8410-906EC680D1AA}.Release|x86.ActiveCfg = Release|Any CPU
		{DBAE21BB-B0E2-4576-8410-906EC680D1AA}.Release|x86.Build.0 = Release|Any CPU
		{3E9DD517-0F65-4E9A-AF44-F06E42F939EF}.Debug|Any CPU.ActiveCfg = Debug|Any CPU
		{3E9DD517-0F65-4E9A-AF44-F06E42F939EF}.Debug|Any CPU.Build.0 = Debug|Any CPU
		{3E9DD517-0F65-4E9A-AF44-F06E42F939EF}.Debug|x64.ActiveCfg = Debug|Any CPU
		{3E9DD517-0F65-4E9A-AF44-F06E42F939EF}.Debug|x64.Build.0 = Debug|Any CPU
		{3E9DD517-0F65-4E9A-AF44-F06E42F939EF}.Debug|x86.ActiveCfg = Debug|Any CPU
		{3E9DD517-0F65-4E9A-AF44-F06E42F939EF}.Debug|x86.Build.0 = Debug|Any CPU
		{3E9DD517-0F65-4E9A-AF44-F06E42F939EF}.Release|Any CPU.ActiveCfg = Release|Any CPU
		{3E9DD517-0F65-4E9A-AF44-F06E42F939EF}.Release|Any CPU.Build.0 = Release|Any CPU
		{3E9DD517-0F65-4E9A-AF44-F06E42F939EF}.Release|x64.ActiveCfg = Release|Any CPU
		{3E9DD517-0F65-4E9A-AF44-F06E42F939EF}.Release|x64.Build.0 = Release|Any CPU
		{3E9DD517-0F65-4E9A-AF44-F06E42F939EF}.Release|x86.ActiveCfg = Release|Any CPU
		{3E9DD517-0F65-4E9A-AF44-F06E42F939EF}.Release|x86.Build.0 = Release|Any CPU
		{DA2228E6-B238-4FC1-BEB3-0AB18D4300CE}.Debug|Any CPU.ActiveCfg = Debug|Any CPU
		{DA2228E6-B238-4FC1-BEB3-0AB18D4300CE}.Debug|Any CPU.Build.0 = Debug|Any CPU
		{DA2228E6-B238-4FC1-BEB3-0AB18D4300CE}.Debug|x64.ActiveCfg = Debug|Any CPU
		{DA2228E6-B238-4FC1-BEB3-0AB18D4300CE}.Debug|x64.Build.0 = Debug|Any CPU
		{DA2228E6-B238-4FC1-BEB3-0AB18D4300CE}.Debug|x86.ActiveCfg = Debug|Any CPU
		{DA2228E6-B238-4FC1-BEB3-0AB18D4300CE}.Debug|x86.Build.0 = Debug|Any CPU
		{DA2228E6-B238-4FC1-BEB3-0AB18D4300CE}.Release|Any CPU.ActiveCfg = Release|Any CPU
		{DA2228E6-B238-4FC1-BEB3-0AB18D4300CE}.Release|Any CPU.Build.0 = Release|Any CPU
		{DA2228E6-B238-4FC1-BEB3-0AB18D4300CE}.Release|x64.ActiveCfg = Release|Any CPU
		{DA2228E6-B238-4FC1-BEB3-0AB18D4300CE}.Release|x64.Build.0 = Release|Any CPU
		{DA2228E6-B238-4FC1-BEB3-0AB18D4300CE}.Release|x86.ActiveCfg = Release|Any CPU
		{DA2228E6-B238-4FC1-BEB3-0AB18D4300CE}.Release|x86.Build.0 = Release|Any CPU
		{66CD9DAB-6015-49AE-A21C-F00A7693461D}.Debug|Any CPU.ActiveCfg = Debug|Any CPU
		{66CD9DAB-6015-49AE-A21C-F00A7693461D}.Debug|Any CPU.Build.0 = Debug|Any CPU
		{66CD9DAB-6015-49AE-A21C-F00A7693461D}.Debug|x64.ActiveCfg = Debug|Any CPU
		{66CD9DAB-6015-49AE-A21C-F00A7693461D}.Debug|x64.Build.0 = Debug|Any CPU
		{66CD9DAB-6015-49AE-A21C-F00A7693461D}.Debug|x86.ActiveCfg = Debug|Any CPU
		{66CD9DAB-6015-49AE-A21C-F00A7693461D}.Debug|x86.Build.0 = Debug|Any CPU
		{66CD9DAB-6015-49AE-A21C-F00A7693461D}.Release|Any CPU.ActiveCfg = Release|Any CPU
		{66CD9DAB-6015-49AE-A21C-F00A7693461D}.Release|Any CPU.Build.0 = Release|Any CPU
		{66CD9DAB-6015-49AE-A21C-F00A7693461D}.Release|x64.ActiveCfg = Release|Any CPU
		{66CD9DAB-6015-49AE-A21C-F00A7693461D}.Release|x64.Build.0 = Release|Any CPU
		{66CD9DAB-6015-49AE-A21C-F00A7693461D}.Release|x86.ActiveCfg = Release|Any CPU
		{66CD9DAB-6015-49AE-A21C-F00A7693461D}.Release|x86.Build.0 = Release|Any CPU
		{74404FE5-E8E0-441C-AF15-8FEAFC4B493D}.Debug|Any CPU.ActiveCfg = Debug|Any CPU
		{74404FE5-E8E0-441C-AF15-8FEAFC4B493D}.Debug|Any CPU.Build.0 = Debug|Any CPU
		{74404FE5-E8E0-441C-AF15-8FEAFC4B493D}.Debug|x64.ActiveCfg = Debug|Any CPU
		{74404FE5-E8E0-441C-AF15-8FEAFC4B493D}.Debug|x64.Build.0 = Debug|Any CPU
		{74404FE5-E8E0-441C-AF15-8FEAFC4B493D}.Debug|x86.ActiveCfg = Debug|Any CPU
		{74404FE5-E8E0-441C-AF15-8FEAFC4B493D}.Debug|x86.Build.0 = Debug|Any CPU
		{74404FE5-E8E0-441C-AF15-8FEAFC4B493D}.Release|Any CPU.ActiveCfg = Release|Any CPU
		{74404FE5-E8E0-441C-AF15-8FEAFC4B493D}.Release|Any CPU.Build.0 = Release|Any CPU
		{74404FE5-E8E0-441C-AF15-8FEAFC4B493D}.Release|x64.ActiveCfg = Release|Any CPU
		{74404FE5-E8E0-441C-AF15-8FEAFC4B493D}.Release|x64.Build.0 = Release|Any CPU
		{74404FE5-E8E0-441C-AF15-8FEAFC4B493D}.Release|x86.ActiveCfg = Release|Any CPU
		{74404FE5-E8E0-441C-AF15-8FEAFC4B493D}.Release|x86.Build.0 = Release|Any CPU
	EndGlobalSection
	GlobalSection(SolutionProperties) = preSolution
		HideSolutionNode = FALSE
	EndGlobalSection
	GlobalSection(ExtensibilityGlobals) = postSolution
		SolutionGuid = {F250C785-E444-41D8-A682-D07C8CD30BE5}
	EndGlobalSection
EndGlobal
